{
  "nodes": {
    "astal": {
      "inputs": {
        "nixpkgs": [
          "nixpkgs"
        ]
      },
      "locked": {
        "lastModified": 1745934282,
        "narHash": "sha256-hgUd4yUYALHzzoEi/88BnsgrxZIqk+zyQVoI3CL61IU=",
        "owner": "aylur",
        "repo": "astal",
        "rev": "07583deff8a486fad472718572c3248f0fbea1f3",
        "type": "github"
      },
      "original": {
        "owner": "aylur",
        "repo": "astal",
        "type": "github"
      }
    },
    "home-manager": {
      "inputs": {
        "nixpkgs": [
          "nixpkgs"
        ]
      },
      "locked": {
        "lastModified": 1746171682,
        "narHash": "sha256-EyXUNSa+H+YvGVuQJP1nZskXAowxKYp79RNUsNdQTj4=",
        "owner": "nix-community",
        "repo": "home-manager",
        "rev": "50eee705bbdbac942074a8c120e8194185633675",
        "type": "github"
      },
      "original": {
        "owner": "nix-community",
        "ref": "release-24.11",
        "repo": "home-manager",
        "type": "github"
      }
    },
    "nixos-hardware": {
      "locked": {
        "lastModified": 1745955289,
        "narHash": "sha256-mmV2oPhQN+YF2wmnJzXX8tqgYmUYXUj3uUUBSTmYN5o=",
        "owner": "NixOS",
        "repo": "nixos-hardware",
        "rev": "72081c9fbbef63765ae82bff9727ea79cc86bd5b",
        "type": "github"
      },
      "original": {
        "owner": "NixOS",
        "repo": "nixos-hardware",
        "type": "github"
      }
    },
    "nixpkgs": {
      "locked": {
        "lastModified": 1746055187,
        "narHash": "sha256-3dqArYSMP9hM7Qpy5YWhnSjiqniSaT2uc5h2Po7tmg0=",
        "owner": "NixOS",
        "repo": "nixpkgs",
        "rev": "3e362ce63e16b9572d8c2297c04f7c19ab6725a5",
        "type": "github"
      },
      "original": {
        "owner": "NixOS",
        "ref": "nixos-24.11",
        "repo": "nixpkgs",
        "type": "github"
      }
    },
    "nixpkgs-unstable": {
      "locked": {
        "lastModified": 1746141548,
        "narHash": "sha256-IgBWhX7A2oJmZFIrpRuMnw5RAufVnfvOgHWgIdds+hc=",
        "owner": "NixOS",
        "repo": "nixpkgs",
        "rev": "f02fddb8acef29a8b32f10a335d44828d7825b78",
        "type": "github"
      },
      "original": {
        "owner": "NixOS",
        "ref": "nixos-unstable",
        "repo": "nixpkgs",
        "type": "github"
      }
    },
    "rofiThemeRepo": {
      "flake": false,
      "locked": {
        "lastModified": 1664792203,
        "narHash": "sha256-s1ENTByJuWlL1gYuWgcrNQ+2McLucDjGUwgXBYAwAW4=",
        "owner": "Murzchnvok",
        "repo": "rofi-collection",
        "rev": "f1f063f00403a292581375aff51981b4d14850b2",
        "type": "github"
      },
      "original": {
        "owner": "Murzchnvok",
        "repo": "rofi-collection",
        "type": "github"
      }
    },
    "root": {
      "inputs": {
        "astal": "astal",
        "home-manager": "home-manager",
        "nixos-hardware": "nixos-hardware",
        "nixpkgs": "nixpkgs",
        "nixpkgs-unstable": "nixpkgs-unstable",
        "rofiThemeRepo": "rofiThemeRepo"
      }
    }
  },
  "root": "root",
  "version": 7
}
